// !$*UTF8*$!
{
	archiveVersion = 1;
	classes = {
	};
	objectVersion = 46;
	objects = {

/* Begin PBXBuildFile section */
		C45E06BB1E2CF7BA0055796E /* AppDelegate.swift in Sources */ = {isa = PBXBuildFile; fileRef = C45E06BA1E2CF7BA0055796E /* AppDelegate.swift */; };
		C45E06BD1E2CF7BA0055796E /* ViewController.swift in Sources */ = {isa = PBXBuildFile; fileRef = C45E06BC1E2CF7BA0055796E /* ViewController.swift */; };
		C45E06C01E2CF7BA0055796E /* Main.storyboard in Resources */ = {isa = PBXBuildFile; fileRef = C45E06BE1E2CF7BA0055796E /* Main.storyboard */; };
		C45E06C31E2CF7BA0055796E /* Protocol_Oriented_Programming_View_with_Bob.xcdatamodeld in Sources */ = {isa = PBXBuildFile; fileRef = C45E06C11E2CF7BA0055796E /* Protocol_Oriented_Programming_View_with_Bob.xcdatamodeld */; };
		C45E06C51E2CF7BA0055796E /* Assets.xcassets in Resources */ = {isa = PBXBuildFile; fileRef = C45E06C41E2CF7BA0055796E /* Assets.xcassets */; };
		C45E06C81E2CF7BA0055796E /* LaunchScreen.storyboard in Resources */ = {isa = PBXBuildFile; fileRef = C45E06C61E2CF7BA0055796E /* LaunchScreen.storyboard */; };
		C45E06D31E2CF7BA0055796E /* Protocol_Oriented_Programming_View_with_BobTests.swift in Sources */ = {isa = PBXBuildFile; fileRef = C45E06D21E2CF7BA0055796E /* Protocol_Oriented_Programming_View_with_BobTests.swift */; };
		C45E06DE1E2CF7BA0055796E /* Protocol_Oriented_Programming_View_with_BobUITests.swift in Sources */ = {isa = PBXBuildFile; fileRef = C45E06DD1E2CF7BA0055796E /* Protocol_Oriented_Programming_View_with_BobUITests.swift */; };
/* End PBXBuildFile section */

/* Begin PBXContainerItemProxy section */
		C45E06CF1E2CF7BA0055796E /* PBXContainerItemProxy */ = {
			isa = PBXContainerItemProxy;
			containerPortal = C45E06AF1E2CF7B90055796E /* Project object */;
			proxyType = 1;
			remoteGlobalIDString = C45E06B61E2CF7B90055796E;
			remoteInfo = "Protocol Oriented Programming View with Bob";
		};
		C45E06DA1E2CF7BA0055796E /* PBXContainerItemProxy */ = {
			isa = PBXContainerItemProxy;
			containerPortal = C45E06AF1E2CF7B90055796E /* Project object */;
			proxyType = 1;
			remoteGlobalIDString = C45E06B61E2CF7B90055796E;
			remoteInfo = "Protocol Oriented Programming View with Bob";
		};
/* End PBXContainerItemProxy section */

/* Begin PBXFileReference section */
		C45E06B71E2CF7BA0055796E /* Protocol Oriented Programming View with Bob.app */ = {isa = PBXFileReference; explicitFileType = wrapper.application; includeInIndex = 0; path = "Protocol Oriented Programming View with Bob.app"; sourceTree = BUILT_PRODUCTS_DIR; };
		C45E06BA1E2CF7BA0055796E /* AppDelegate.swift */ = {isa = PBXFileReference; lastKnownFileType = sourcecode.swift; path = AppDelegate.swift; sourceTree = "<group>"; };
		C45E06BC1E2CF7BA0055796E /* ViewController.swift */ = {isa = PBXFileReference; lastKnownFileType = sourcecode.swift; path = ViewController.swift; sourceTree = "<group>"; };
		C45E06BF1E2CF7BA0055796E /* Base */ = {isa = PBXFileReference; lastKnownFileType = file.storyboard; name = Base; path = Base.lproj/Main.storyboard; sourceTree = "<group>"; };
		C45E06C21E2CF7BA0055796E /* Protocol_Oriented_Programming_View_with_Bob.xcdatamodel */ = {isa = PBXFileReference; lastKnownFileType = wrapper.xcdatamodel; path = Protocol_Oriented_Programming_View_with_Bob.xcdatamodel; sourceTree = "<group>"; };
		C45E06C41E2CF7BA0055796E /* Assets.xcassets */ = {isa = PBXFileReference; lastKnownFileType = folder.assetcatalog; path = Assets.xcassets; sourceTree = "<group>"; };
		C45E06C71E2CF7BA0055796E /* Base */ = {isa = PBXFileReference; lastKnownFileType = file.storyboard; name = Base; path = Base.lproj/LaunchScreen.storyboard; sourceTree = "<group>"; };
		C45E06C91E2CF7BA0055796E /* Info.plist */ = {isa = PBXFileReference; lastKnownFileType = text.plist.xml; path = Info.plist; sourceTree = "<group>"; };
		C45E06CE1E2CF7BA0055796E /* Protocol Oriented Programming View with BobTests.xctest */ = {isa = PBXFileReference; explicitFileType = wrapper.cfbundle; includeInIndex = 0; path = "Protocol Oriented Programming View with BobTests.xctest"; sourceTree = BUILT_PRODUCTS_DIR; };
		C45E06D21E2CF7BA0055796E /* Protocol_Oriented_Programming_View_with_BobTests.swift */ = {isa = PBXFileReference; lastKnownFileType = sourcecode.swift; path = Protocol_Oriented_Programming_View_with_BobTests.swift; sourceTree = "<group>"; };
		C45E06D41E2CF7BA0055796E /* Info.plist */ = {isa = PBXFileReference; lastKnownFileType = text.plist.xml; path = Info.plist; sourceTree = "<group>"; };
		C45E06D91E2CF7BA0055796E /* Protocol Oriented Programming View with BobUITests.xctest */ = {isa = PBXFileReference; explicitFileType = wrapper.cfbundle; includeInIndex = 0; path = "Protocol Oriented Programming View with BobUITests.xctest"; sourceTree = BUILT_PRODUCTS_DIR; };
		C45E06DD1E2CF7BA0055796E /* Protocol_Oriented_Programming_View_with_BobUITests.swift */ = {isa = PBXFileReference; lastKnownFileType = sourcecode.swift; path = Protocol_Oriented_Programming_View_with_BobUITests.swift; sourceTree = "<group>"; };
		C45E06DF1E2CF7BA0055796E /* Info.plist */ = {isa = PBXFileReference; lastKnownFileType = text.plist.xml; path = Info.plist; sourceTree = "<group>"; };
/* End PBXFileReference section */

/* Begin PBXFrameworksBuildPhase section */
		C45E06B41E2CF7B90055796E /* Frameworks */ = {
			isa = PBXFrameworksBuildPhase;
			buildActionMask = 2147483647;
			files = (
			);
			runOnlyForDeploymentPostprocessing = 0;
		};
		C45E06CB1E2CF7BA0055796E /* Frameworks */ = {
			isa = PBXFrameworksBuildPhase;
			buildActionMask = 2147483647;
			files = (
			);
			runOnlyForDeploymentPostprocessing = 0;
		};
		C45E06D61E2CF7BA0055796E /* Frameworks */ = {
			isa = PBXFrameworksBuildPhase;
			buildActionMask = 2147483647;
			files = (
			);
			runOnlyForDeploymentPostprocessing = 0;
		};
/* End PBXFrameworksBuildPhase section */

/* Begin PBXGroup section */
		C45E06AE1E2CF7B90055796E = {
			isa = PBXGroup;
			children = (
				C45E06B91E2CF7BA0055796E /* Protocol Oriented Programming View with Bob */,
				C45E06D11E2CF7BA0055796E /* Protocol Oriented Programming View with BobTests */,
				C45E06DC1E2CF7BA0055796E /* Protocol Oriented Programming View with BobUITests */,
				C45E06B81E2CF7BA0055796E /* Products */,
			);
			sourceTree = "<group>";
		};
		C45E06B81E2CF7BA0055796E /* Products */ = {
			isa = PBXGroup;
			children = (
				C45E06B71E2CF7BA0055796E /* Protocol Oriented Programming View with Bob.app */,
				C45E06CE1E2CF7BA0055796E /* Protocol Oriented Programming View with BobTests.xctest */,
				C45E06D91E2CF7BA0055796E /* Protocol Oriented Programming View with BobUITests.xctest */,
			);
			name = Products;
			sourceTree = "<group>";
		};
		C45E06B91E2CF7BA0055796E /* Protocol Oriented Programming View with Bob */ = {
			isa = PBXGroup;
			children = (
				C45E06BA1E2CF7BA0055796E /* AppDelegate.swift */,
				C45E06BC1E2CF7BA0055796E /* ViewController.swift */,
				C45E06BE1E2CF7BA0055796E /* Main.storyboard */,
				C45E06C41E2CF7BA0055796E /* Assets.xcassets */,
				C45E06C61E2CF7BA0055796E /* LaunchScreen.storyboard */,
				C45E06C91E2CF7BA0055796E /* Info.plist */,
				C45E06C11E2CF7BA0055796E /* Protocol_Oriented_Programming_View_with_Bob.xcdatamodeld */,
			);
			path = "Protocol Oriented Programming View with Bob";
			sourceTree = "<group>";
		};
		C45E06D11E2CF7BA0055796E /* Protocol Oriented Programming View with BobTests */ = {
			isa = PBXGroup;
			children = (
				C45E06D21E2CF7BA0055796E /* Protocol_Oriented_Programming_View_with_BobTests.swift */,
				C45E06D41E2CF7BA0055796E /* Info.plist */,
			);
			path = "Protocol Oriented Programming View with BobTests";
			sourceTree = "<group>";
		};
		C45E06DC1E2CF7BA0055796E /* Protocol Oriented Programming View with BobUITests */ = {
			isa = PBXGroup;
			children = (
				C45E06DD1E2CF7BA0055796E /* Protocol_Oriented_Programming_View_with_BobUITests.swift */,
				C45E06DF1E2CF7BA0055796E /* Info.plist */,
			);
			path = "Protocol Oriented Programming View with BobUITests";
			sourceTree = "<group>";
		};
/* End PBXGroup section */

/* Begin PBXNativeTarget section */
		C45E06B61E2CF7B90055796E /* Protocol Oriented Programming View with Bob */ = {
			isa = PBXNativeTarget;
			buildConfigurationList = C45E06E21E2CF7BA0055796E /* Build configuration list for PBXNativeTarget "Protocol Oriented Programming View with Bob" */;
			buildPhases = (
				C45E06B31E2CF7B90055796E /* Sources */,
				C45E06B41E2CF7B90055796E /* Frameworks */,
				C45E06B51E2CF7B90055796E /* Resources */,
			);
			buildRules = (
			);
			dependencies = (
			);
			name = "Protocol Oriented Programming View with Bob";
			productName = "Protocol Oriented Programming View with Bob";
			productReference = C45E06B71E2CF7BA0055796E /* Protocol Oriented Programming View with Bob.app */;
			productType = "com.apple.product-type.application";
		};
		C45E06CD1E2CF7BA0055796E /* Protocol Oriented Programming View with BobTests */ = {
			isa = PBXNativeTarget;
			buildConfigurationList = C45E06E51E2CF7BA0055796E /* Build configuration list for PBXNativeTarget "Protocol Oriented Programming View with BobTests" */;
			buildPhases = (
				C45E06CA1E2CF7BA0055796E /* Sources */,
				C45E06CB1E2CF7BA0055796E /* Frameworks */,
				C45E06CC1E2CF7BA0055796E /* Resources */,
			);
			buildRules = (
			);
			dependencies = (
				C45E06D01E2CF7BA0055796E /* PBXTargetDependency */,
			);
			name = "Protocol Oriented Programming View with BobTests";
			productName = "Protocol Oriented Programming View with BobTests";
			productReference = C45E06CE1E2CF7BA0055796E /* Protocol Oriented Programming View with BobTests.xctest */;
			productType = "com.apple.product-type.bundle.unit-test";
		};
		C45E06D81E2CF7BA0055796E /* Protocol Oriented Programming View with BobUITests */ = {
			isa = PBXNativeTarget;
			buildConfigurationList = C45E06E81E2CF7BA0055796E /* Build configuration list for PBXNativeTarget "Protocol Oriented Programming View with BobUITests" */;
			buildPhases = (
				C45E06D51E2CF7BA0055796E /* Sources */,
				C45E06D61E2CF7BA0055796E /* Frameworks */,
				C45E06D71E2CF7BA0055796E /* Resources */,
			);
			buildRules = (
			);
			dependencies = (
				C45E06DB1E2CF7BA0055796E /* PBXTargetDependency */,
			);
			name = "Protocol Oriented Programming View with BobUITests";
			productName = "Protocol Oriented Programming View with BobUITests";
			productReference = C45E06D91E2CF7BA0055796E /* Protocol Oriented Programming View with BobUITests.xctest */;
			productType = "com.apple.product-type.bundle.ui-testing";
		};
/* End PBXNativeTarget section */

/* Begin PBXProject section */
		C45E06AF1E2CF7B90055796E /* Project object */ = {
			isa = PBXProject;
			attributes = {
				LastSwiftUpdateCheck = 0810;
				LastUpgradeCheck = 0810;
				ORGANIZATIONNAME = BobtheDeveloper;
				TargetAttributes = {
					C45E06B61E2CF7B90055796E = {
						CreatedOnToolsVersion = 8.1;
						DevelopmentTeam = ZGB48G575M;
						ProvisioningStyle = Automatic;
					};
					C45E06CD1E2CF7BA0055796E = {
						CreatedOnToolsVersion = 8.1;
						DevelopmentTeam = ZGB48G575M;
						ProvisioningStyle = Automatic;
						TestTargetID = C45E06B61E2CF7B90055796E;
					};
					C45E06D81E2CF7BA0055796E = {
						CreatedOnToolsVersion = 8.1;
						DevelopmentTeam = ZGB48G575M;
						ProvisioningStyle = Automatic;
						TestTargetID = C45E06B61E2CF7B90055796E;
					};
				};
			};
			buildConfigurationList = C45E06B21E2CF7B90055796E /* Build configuration list for PBXProject "Protocol Oriented Programming View with Bob" */;
			compatibilityVersion = "Xcode 3.2";
			developmentRegion = English;
			hasScannedForEncodings = 0;
			knownRegions = (
				en,
				Base,
			);
			mainGroup = C45E06AE1E2CF7B90055796E;
			productRefGroup = C45E06B81E2CF7BA0055796E /* Products */;
			projectDirPath = "";
			projectRoot = "";
			targets = (
				C45E06B61E2CF7B90055796E /* Protocol Oriented Programming View with Bob */,
				C45E06CD1E2CF7BA0055796E /* Protocol Oriented Programming View with BobTests */,
				C45E06D81E2CF7BA0055796E /* Protocol Oriented Programming View with BobUITests */,
			);
		};
/* End PBXProject section */

/* Begin PBXResourcesBuildPhase section */
		C45E06B51E2CF7B90055796E /* Resources */ = {
			isa = PBXResourcesBuildPhase;
			buildActionMask = 2147483647;
			files = (
				C45E06C81E2CF7BA0055796E /* LaunchScreen.storyboard in Resources */,
				C45E06C51E2CF7BA0055796E /* Assets.xcassets in Resources */,
				C45E06C01E2CF7BA0055796E /* Main.storyboard in Resources */,
			);
			runOnlyForDeploymentPostprocessing = 0;
		};
		C45E06CC1E2CF7BA0055796E /* Resources */ = {
			isa = PBXResourcesBuildPhase;
			buildActionMask = 2147483647;
			files = (
			);
			runOnlyForDeploymentPostprocessing = 0;
		};
		C45E06D71E2CF7BA0055796E /* Resources */ = {
			isa = PBXResourcesBuildPhase;
			buildActionMask = 2147483647;
			files = (
			);
			runOnlyForDeploymentPostprocessing = 0;
		};
/* End PBXResourcesBuildPhase section */

/* Begin PBXSourcesBuildPhase section */
		C45E06B31E2CF7B90055796E /* Sources */ = {
			isa = PBXSourcesBuildPhase;
			buildActionMask = 2147483647;
			files = (
				C45E06BD1E2CF7BA0055796E /* ViewController.swift in Sources */,
				C45E06C31E2CF7BA0055796E /* Protocol_Oriented_Programming_View_with_Bob.xcdatamodeld in Sources */,
				C45E06BB1E2CF7BA0055796E /* AppDelegate.swift in Sources */,
			);
			runOnlyForDeploymentPostprocessing = 0;
		};
		C45E06CA1E2CF7BA0055796E /* Sources */ = {
			isa = PBXSourcesBuildPhase;
			buildActionMask = 2147483647;
			files = (
				C45E06D31E2CF7BA0055796E /* Protocol_Oriented_Programming_View_with_BobTests.swift in Sources */,
			);
			runOnlyForDeploymentPostprocessing = 0;
		};
		C45E06D51E2CF7BA0055796E /* Sources */ = {
			isa = PBXSourcesBuildPhase;
			buildActionMask = 2147483647;
			files = (
				C45E06DE1E2CF7BA0055796E /* Protocol_Oriented_Programming_View_with_BobUITests.swift in Sources */,
			);
			runOnlyForDeploymentPostprocessing = 0;
		};
/* End PBXSourcesBuildPhase section */

/* Begin PBXTargetDependency section */
		C45E06D01E2CF7BA0055796E /* PBXTargetDependency */ = {
			isa = PBXTargetDependency;
			target = C45E06B61E2CF7B90055796E /* Protocol Oriented Programming View with Bob */;
			targetProxy = C45E06CF1E2CF7BA0055796E /* PBXContainerItemProxy */;
		};
		C45E06DB1E2CF7BA0055796E /* PBXTargetDependency */ = {
			isa = PBXTargetDependency;
			target = C45E06B61E2CF7B90055796E /* Protocol Oriented Programming View with Bob */;
			targetProxy = C45E06DA1E2CF7BA0055796E /* PBXContainerItemProxy */;
		};
/* End PBXTargetDependency section */

/* Begin PBXVariantGroup section */
		C45E06BE1E2CF7BA0055796E /* Main.storyboard */ = {
			isa = PBXVariantGroup;
			children = (
				C45E06BF1E2CF7BA0055796E /* Base */,
			);
			name = Main.storyboard;
			sourceTree = "<group>";
		};
		C45E06C61E2CF7BA0055796E /* LaunchScreen.storyboard */ = {
			isa = PBXVariantGroup;
			children = (
				C45E06C71E2CF7BA0055796E /* Base */,
			);
			name = LaunchScreen.storyboard;
			sourceTree = "<group>";
		};
/* End PBXVariantGroup section */

/* Begin XCBuildConfiguration section */
		C45E06E01E2CF7BA0055796E /* Debug */ = {
			isa = XCBuildConfiguration;
			buildSettings = {
				ALWAYS_SEARCH_USER_PATHS = NO;
				CLANG_ANALYZER_NONNULL = YES;
				CLANG_CXX_LANGUAGE_STANDARD = "gnu++0x";
				CLANG_CXX_LIBRARY = "libc++";
				CLANG_ENABLE_MODULES = YES;
				CLANG_ENABLE_OBJC_ARC = YES;
				CLANG_WARN_BOOL_CONVERSION = YES;
				CLANG_WARN_CONSTANT_CONVERSION = YES;
				CLANG_WARN_DIRECT_OBJC_ISA_USAGE = YES_ERROR;
				CLANG_WARN_DOCUMENTATION_COMMENTS = YES;
				CLANG_WARN_EMPTY_BODY = YES;
				CLANG_WARN_ENUM_CONVERSION = YES;
				CLANG_WARN_INFINITE_RECURSION = YES;
				CLANG_WARN_INT_CONVERSION = YES;
				CLANG_WARN_OBJC_ROOT_CLASS = YES_ERROR;
				CLANG_WARN_SUSPICIOUS_MOVES = YES;
				CLANG_WARN_UNREACHABLE_CODE = YES;
				CLANG_WARN__DUPLICATE_METHOD_MATCH = YES;
				"CODE_SIGN_IDENTITY[sdk=iphoneos*]" = "iPhone Developer";
				COPY_PHASE_STRIP = NO;
				DEBUG_INFORMATION_FORMAT = dwarf;
				ENABLE_STRICT_OBJC_MSGSEND = YES;
				ENABLE_TESTABILITY = YES;
				GCC_C_LANGUAGE_STANDARD = gnu99;
				GCC_DYNAMIC_NO_PIC = NO;
				GCC_NO_COMMON_BLOCKS = YES;
				GCC_OPTIMIZATION_LEVEL = 0;
				GCC_PREPROCESSOR_DEFINITIONS = (
					"DEBUG=1",
					"$(inherited)",
				);
				GCC_WARN_64_TO_32_BIT_CONVERSION = YES;
				GCC_WARN_ABOUT_RETURN_TYPE = YES_ERROR;
				GCC_WARN_UNDECLARED_SELECTOR = YES;
				GCC_WARN_UNINITIALIZED_AUTOS = YES_AGGRESSIVE;
				GCC_WARN_UNUSED_FUNCTION = YES;
				GCC_WARN_UNUSED_VARIABLE = YES;
				IPHONEOS_DEPLOYMENT_TARGET = 10.1;
				MTL_ENABLE_DEBUG_INFO = YES;
				ONLY_ACTIVE_ARCH = YES;
				SDKROOT = iphoneos;
				SWIFT_ACTIVE_COMPILATION_CONDITIONS = DEBUG;
				SWIFT_OPTIMIZATION_LEVEL = "-Onone";
				TARGETED_DEVICE_FAMILY = "1,2";
			};
			name = Debug;
		};
		C45E06E11E2CF7BA0055796E /* Release */ = {
			isa = XCBuildConfiguration;
			buildSettings = {
				ALWAYS_SEARCH_USER_PATHS = NO;
				CLANG_ANALYZER_NONNULL = YES;
				CLANG_CXX_LANGUAGE_STANDARD = "gnu++0x";
				CLANG_CXX_LIBRARY = "libc++";
				CLANG_ENABLE_MODULES = YES;
				CLANG_ENABLE_OBJC_ARC = YES;
				CLANG_WARN_BOOL_CONVERSION = YES;
				CLANG_WARN_CONSTANT_CONVERSION = YES;
				CLANG_WARN_DIRECT_OBJC_ISA_USAGE = YES_ERROR;
				CLANG_WARN_DOCUMENTATION_COMMENTS = YES;
				CLANG_WARN_EMPTY_BODY = YES;
				CLANG_WARN_ENUM_CONVERSION = YES;
				CLANG_WARN_INFINITE_RECURSION = YES;
				CLANG_WARN_INT_CONVERSION = YES;
				CLANG_WARN_OBJC_ROOT_CLASS = YES_ERROR;
				CLANG_WARN_SUSPICIOUS_MOVES = YES;
				CLANG_WARN_UNREACHABLE_CODE = YES;
				CLANG_WARN__DUPLICATE_METHOD_MATCH = YES;
				"CODE_SIGN_IDENTITY[sdk=iphoneos*]" = "iPhone Developer";
				COPY_PHASE_STRIP = NO;
				DEBUG_INFORMATION_FORMAT = "dwarf-with-dsym";
				ENABLE_NS_ASSERTIONS = NO;
				ENABLE_STRICT_OBJC_MSGSEND = YES;
				GCC_C_LANGUAGE_STANDARD = gnu99;
				GCC_NO_COMMON_BLOCKS = YES;
				GCC_WARN_64_TO_32_BIT_CONVERSION = YES;
				GCC_WARN_ABOUT_RETURN_TYPE = YES_ERROR;
				GCC_WARN_UNDECLARED_SELECTOR = YES;
				GCC_WARN_UNINITIALIZED_AUTOS = YES_AGGRESSIVE;
				GCC_WARN_UNUSED_FUNCTION = YES;
				GCC_WARN_UNUSED_VARIABLE = YES;
				IPHONEOS_DEPLOYMENT_TARGET = 10.1;
				MTL_ENABLE_DEBUG_INFO = NO;
				SDKROOT = iphoneos;
				SWIFT_OPTIMIZATION_LEVEL = "-Owholemodule";
				TARGETED_DEVICE_FAMILY = "1,2";
				VALIDATE_PRODUCT = YES;
			};
			name = Release;
		};
		C45E06E31E2CF7BA0055796E /* Debug */ = {
			isa = XCBuildConfiguration;
			buildSettings = {
				ASSETCATALOG_COMPILER_APPICON_NAME = AppIcon;
				DEVELOPMENT_TEAM = ZGB48G575M;
				INFOPLIST_FILE = "Protocol Oriented Programming View with Bob/Info.plist";
				LD_RUNPATH_SEARCH_PATHS = "$(inherited) @executable_path/Frameworks";
				PRODUCT_BUNDLE_IDENTIFIER = "BobtheDeveloper.Protocol-Oriented-Programming-View-with-Bob";
				PRODUCT_NAME = "$(TARGET_NAME)";
				SWIFT_VERSION = 3.0;
			};
			name = Debug;
		};
		C45E06E41E2CF7BA0055796E /* Release */ = {
			isa = XCBuildConfiguration;
			buildSettings = {
				ASSETCATALOG_COMPILER_APPICON_NAME = AppIcon;
				DEVELOPMENT_TEAM = ZGB48G575M;
				INFOPLIST_FILE = "Protocol Oriented Programming View with Bob/Info.plist";
				LD_RUNPATH_SEARCH_PATHS = "$(inherited) @executable_path/Frameworks";
				PRODUCT_BUNDLE_IDENTIFIER = "BobtheDeveloper.Protocol-Oriented-Programming-View-with-Bob";
				PRODUCT_NAME = "$(TARGET_NAME)";
				SWIFT_VERSION = 3.0;
			};
			name = Release;
		};
		C45E06E61E2CF7BA0055796E /* Debug */ = {
			isa = XCBuildConfiguration;
			buildSettings = {
				ALWAYS_EMBED_SWIFT_STANDARD_LIBRARIES = YES;
				BUNDLE_LOADER = "$(TEST_HOST)";
				DEVELOPMENT_TEAM = ZGB48G575M;
				INFOPLIST_FILE = "Protocol Oriented Programming View with BobTests/Info.plist";
				LD_RUNPATH_SEARCH_PATHS = "$(inherited) @executable_path/Frameworks @loader_path/Frameworks";
				PRODUCT_BUNDLE_IDENTIFIER = "BobtheDeveloper.Protocol-Oriented-Programming-View-with-BobTests";
				PRODUCT_NAME = "$(TARGET_NAME)";
				SWIFT_VERSION = 3.0;
				TEST_HOST = "$(BUILT_PRODUCTS_DIR)/Protocol Oriented Programming View with Bob.app/Protocol Oriented Programming View with Bob";
			};
			name = Debug;
		};
		C45E06E71E2CF7BA0055796E /* Release */ = {
			isa = XCBuildConfiguration;
			buildSettings = {
				ALWAYS_EMBED_SWIFT_STANDARD_LIBRARIES = YES;
				BUNDLE_LOADER = "$(TEST_HOST)";
				DEVELOPMENT_TEAM = ZGB48G575M;
				INFOPLIST_FILE = "Protocol Oriented Programming View with BobTests/Info.plist";
				LD_RUNPATH_SEARCH_PATHS = "$(inherited) @executable_path/Frameworks @loader_path/Frameworks";
				PRODUCT_BUNDLE_IDENTIFIER = "BobtheDeveloper.Protocol-Oriented-Programming-View-with-BobTests";
				PRODUCT_NAME = "$(TARGET_NAME)";
				SWIFT_VERSION = 3.0;
				TEST_HOST = "$(BUILT_PRODUCTS_DIR)/Protocol Oriented Programming View with Bob.app/Protocol Oriented Programming View with Bob";
			};
			name = Release;
		};
		C45E06E91E2CF7BA0055796E /* Debug */ = {
			isa = XCBuildConfiguration;
			buildSettings = {
				ALWAYS_EMBED_SWIFT_STANDARD_LIBRARIES = YES;
				DEVELOPMENT_TEAM = ZGB48G575M;
				INFOPLIST_FILE = "Protocol Oriented Programming View with BobUITests/Info.plist";
				LD_RUNPATH_SEARCH_PATHS = "$(inherited) @executable_path/Frameworks @loader_path/Frameworks";
				PRODUCT_BUNDLE_IDENTIFIER = "BobtheDeveloper.Protocol-Oriented-Programming-View-with-BobUITests";
				PRODUCT_NAME = "$(TARGET_NAME)";
				SWIFT_VERSION = 3.0;
				TEST_TARGET_NAME = "Protocol Oriented Programming View with Bob";
			};
			name = Debug;
		};
		C45E06EA1E2CF7BA0055796E /* Release */ = {
			isa = XCBuildConfiguration;
			buildSettings = {
				ALWAYS_EMBED_SWIFT_STANDARD_LIBRARIES = YES;
				DEVELOPMENT_TEAM = ZGB48G575M;
				INFOPLIST_FILE = "Protocol Oriented Programming View with BobUITests/Info.plist";
				LD_RUNPATH_SEARCH_PATHS = "$(inherited) @executable_path/Frameworks @loader_path/Frameworks";
				PRODUCT_BUNDLE_IDENTIFIER = "BobtheDeveloper.Protocol-Oriented-Programming-View-with-BobUITests";
				PRODUCT_NAME = "$(TARGET_NAME)";
				SWIFT_VERSION = 3.0;
				TEST_TARGET_NAME = "Protocol Oriented Programming View with Bob";
			};
			name = Release;
		};
/* End XCBuildConfiguration section */

/* Begin XCConfigurationList section */
		C45E06B21E2CF7B90055796E /* Build configuration list for PBXProject "Protocol Oriented Programming View with Bob" */ = {
			isa = XCConfigurationList;
			buildConfigurations = (
				C45E06E01E2CF7BA0055796E /* Debug */,
				C45E06E11E2CF7BA0055796E /* Release */,
			);
			defaultConfigurationIsVisible = 0;
			defaultConfigurationName = Release;
		};
		C45E06E21E2CF7BA0055796E /* Build configuration list for PBXNativeTarget "Protocol Oriented Programming View with Bob" */ = {
			isa = XCConfigurationList;
			buildConfigurations = (
				C45E06E31E2CF7BA0055796E /* Debug */,
				C45E06E41E2CF7BA0055796E /* Release */,
			);
			defaultConfigurationIsVisible = 0;
		};
		C45E06E51E2CF7BA0055796E /* Build configuration list for PBXNativeTarget "Protocol Oriented Programming View with BobTests" */ = {
			isa = XCConfigurationList;
			buildConfigurations = (
				C45E06E61E2CF7BA0055796E /* Debug */,
				C45E06E71E2CF7BA0055796E /* Release */,
			);
			defaultConfigurationIsVisible = 0;
		};
		C45E06E81E2CF7BA0055796E /* Build configuration list for PBXNativeTarget "Protocol Oriented Programming View with BobUITests" */ = {
			isa = XCConfigurationList;
			buildConfigurations = (
				C45E06E91E2CF7BA0055796E /* Debug */,
				C45E06EA1E2CF7BA0055796E /* Release */,
			);
			defaultConfigurationIsVisible = 0;
		};
/* End XCConfigurationList section */

/* Begin XCVersionGroup section */
		C45E06C11E2CF7BA0055796E /* Protocol_Oriented_Programming_View_with_Bob.xcdatamodeld */ = {
			isa = XCVersionGroup;
			children = (
				C45E06C21E2CF7BA0055796E /* Protocol_Oriented_Programming_View_with_Bob.xcdatamodel */,
			);
			currentVersion = C45E06C21E2CF7BA0055796E /* Protocol_Oriented_Programming_View_with_Bob.xcdatamodel */;
			path = Protocol_Oriented_Programming_View_with_Bob.xcdatamodeld;
			sourceTree = "<group>";
			versionGroupType = wrapper.xcdatamodel;
		};
/* End XCVersionGroup section */
	};
	rootObject = C45E06AF1E2CF7B90055796E /* Project object */;
}
