// !$*UTF8*$!
{
	archiveVersion = 1;
	classes = {
	};
	objectVersion = 46;
	objects = {

/* Begin PBXBuildFile section */
		C45E06FB1E2DAD290055796E /* AppDelegate.swift in Sources */ = {isa = PBXBuildFile; fileRef = C45E06FA1E2DAD290055796E /* AppDelegate.swift */; };
		C45E06FD1E2DAD290055796E /* ViewController.swift in Sources */ = {isa = PBXBuildFile; fileRef = C45E06FC1E2DAD290055796E /* ViewController.swift */; };
		C45E07001E2DAD290055796E /* Main.storyboard in Resources */ = {isa = PBXBuildFile; fileRef = C45E06FE1E2DAD290055796E /* Main.storyboard */; };
		C45E07021E2DAD290055796E /* Assets.xcassets in Resources */ = {isa = PBXBuildFile; fileRef = C45E07011E2DAD290055796E /* Assets.xcassets */; };
		C45E07051E2DAD290055796E /* LaunchScreen.storyboard in Resources */ = {isa = PBXBuildFile; fileRef = C45E07031E2DAD290055796E /* LaunchScreen.storyboard */; };
		C45E07101E2DAD290055796E /* Protocol_Oriented_Programming_ViewTests.swift in Sources */ = {isa = PBXBuildFile; fileRef = C45E070F1E2DAD290055796E /* Protocol_Oriented_Programming_ViewTests.swift */; };
		C45E071B1E2DAD290055796E /* Protocol_Oriented_Programming_ViewUITests.swift in Sources */ = {isa = PBXBuildFile; fileRef = C45E071A1E2DAD290055796E /* Protocol_Oriented_Programming_ViewUITests.swift */; };
		C45E07291E2DAF0D0055796E /* Buzzable.swift in Sources */ = {isa = PBXBuildFile; fileRef = C45E07281E2DAF0D0055796E /* Buzzable.swift */; };
		C45E072B1E2DAF190055796E /* Poppable.swift in Sources */ = {isa = PBXBuildFile; fileRef = C45E072A1E2DAF190055796E /* Poppable.swift */; };
/* End PBXBuildFile section */

/* Begin PBXContainerItemProxy section */
		C45E070C1E2DAD290055796E /* PBXContainerItemProxy */ = {
			isa = PBXContainerItemProxy;
			containerPortal = C45E06EF1E2DAD290055796E /* Project object */;
			proxyType = 1;
			remoteGlobalIDString = C45E06F61E2DAD290055796E;
			remoteInfo = "Protocol Oriented Programming View";
		};
		C45E07171E2DAD290055796E /* PBXContainerItemProxy */ = {
			isa = PBXContainerItemProxy;
			containerPortal = C45E06EF1E2DAD290055796E /* Project object */;
			proxyType = 1;
			remoteGlobalIDString = C45E06F61E2DAD290055796E;
			remoteInfo = "Protocol Oriented Programming View";
		};
/* End PBXContainerItemProxy section */

/* Begin PBXFileReference section */
		C45E06F71E2DAD290055796E /* Protocol Oriented Programming View.app */ = {isa = PBXFileReference; explicitFileType = wrapper.application; includeInIndex = 0; path = "Protocol Oriented Programming View.app"; sourceTree = BUILT_PRODUCTS_DIR; };
		C45E06FA1E2DAD290055796E /* AppDelegate.swift */ = {isa = PBXFileReference; lastKnownFileType = sourcecode.swift; path = AppDelegate.swift; sourceTree = "<group>"; };
		C45E06FC1E2DAD290055796E /* ViewController.swift */ = {isa = PBXFileReference; lastKnownFileType = sourcecode.swift; path = ViewController.swift; sourceTree = "<group>"; };
		C45E06FF1E2DAD290055796E /* Base */ = {isa = PBXFileReference; lastKnownFileType = file.storyboard; name = Base; path = Base.lproj/Main.storyboard; sourceTree = "<group>"; };
		C45E07011E2DAD290055796E /* Assets.xcassets */ = {isa = PBXFileReference; lastKnownFileType = folder.assetcatalog; path = Assets.xcassets; sourceTree = "<group>"; };
		C45E07041E2DAD290055796E /* Base */ = {isa = PBXFileReference; lastKnownFileType = file.storyboard; name = Base; path = Base.lproj/LaunchScreen.storyboard; sourceTree = "<group>"; };
		C45E07061E2DAD290055796E /* Info.plist */ = {isa = PBXFileReference; lastKnownFileType = text.plist.xml; path = Info.plist; sourceTree = "<group>"; };
		C45E070B1E2DAD290055796E /* Protocol Oriented Programming ViewTests.xctest */ = {isa = PBXFileReference; explicitFileType = wrapper.cfbundle; includeInIndex = 0; path = "Protocol Oriented Programming ViewTests.xctest"; sourceTree = BUILT_PRODUCTS_DIR; };
		C45E070F1E2DAD290055796E /* Protocol_Oriented_Programming_ViewTests.swift */ = {isa = PBXFileReference; lastKnownFileType = sourcecode.swift; path = Protocol_Oriented_Programming_ViewTests.swift; sourceTree = "<group>"; };
		C45E07111E2DAD290055796E /* Info.plist */ = {isa = PBXFileReference; lastKnownFileType = text.plist.xml; path = Info.plist; sourceTree = "<group>"; };
		C45E07161E2DAD290055796E /* Protocol Oriented Programming ViewUITests.xctest */ = {isa = PBXFileReference; explicitFileType = wrapper.cfbundle; includeInIndex = 0; path = "Protocol Oriented Programming ViewUITests.xctest"; sourceTree = BUILT_PRODUCTS_DIR; };
		C45E071A1E2DAD290055796E /* Protocol_Oriented_Programming_ViewUITests.swift */ = {isa = PBXFileReference; lastKnownFileType = sourcecode.swift; path = Protocol_Oriented_Programming_ViewUITests.swift; sourceTree = "<group>"; };
		C45E071C1E2DAD290055796E /* Info.plist */ = {isa = PBXFileReference; lastKnownFileType = text.plist.xml; path = Info.plist; sourceTree = "<group>"; };
		C45E07281E2DAF0D0055796E /* Buzzable.swift */ = {isa = PBXFileReference; fileEncoding = 4; lastKnownFileType = sourcecode.swift; path = Buzzable.swift; sourceTree = "<group>"; };
		C45E072A1E2DAF190055796E /* Poppable.swift */ = {isa = PBXFileReference; fileEncoding = 4; lastKnownFileType = sourcecode.swift; path = Poppable.swift; sourceTree = "<group>"; };
/* End PBXFileReference section */

/* Begin PBXFrameworksBuildPhase section */
		C45E06F41E2DAD290055796E /* Frameworks */ = {
			isa = PBXFrameworksBuildPhase;
			buildActionMask = 2147483647;
			files = (
			);
			runOnlyForDeploymentPostprocessing = 0;
		};
		C45E07081E2DAD290055796E /* Frameworks */ = {
			isa = PBXFrameworksBuildPhase;
			buildActionMask = 2147483647;
			files = (
			);
			runOnlyForDeploymentPostprocessing = 0;
		};
		C45E07131E2DAD290055796E /* Frameworks */ = {
			isa = PBXFrameworksBuildPhase;
			buildActionMask = 2147483647;
			files = (
			);
			runOnlyForDeploymentPostprocessing = 0;
		};
/* End PBXFrameworksBuildPhase section */

/* Begin PBXGroup section */
		C45E06EE1E2DAD290055796E = {
			isa = PBXGroup;
			children = (
				C45E06F91E2DAD290055796E /* Protocol Oriented Programming View */,
				C45E070E1E2DAD290055796E /* Protocol Oriented Programming ViewTests */,
				C45E07191E2DAD290055796E /* Protocol Oriented Programming ViewUITests */,
				C45E06F81E2DAD290055796E /* Products */,
			);
			sourceTree = "<group>";
		};
		C45E06F81E2DAD290055796E /* Products */ = {
			isa = PBXGroup;
			children = (
				C45E06F71E2DAD290055796E /* Protocol Oriented Programming View.app */,
				C45E070B1E2DAD290055796E /* Protocol Oriented Programming ViewTests.xctest */,
				C45E07161E2DAD290055796E /* Protocol Oriented Programming ViewUITests.xctest */,
			);
			name = Products;
			sourceTree = "<group>";
		};
		C45E06F91E2DAD290055796E /* Protocol Oriented Programming View */ = {
			isa = PBXGroup;
			children = (
				C45E06FA1E2DAD290055796E /* AppDelegate.swift */,
				C45E06FC1E2DAD290055796E /* ViewController.swift */,
				C45E06FE1E2DAD290055796E /* Main.storyboard */,
				C45E07011E2DAD290055796E /* Assets.xcassets */,
				C45E072A1E2DAF190055796E /* Poppable.swift */,
				C45E07281E2DAF0D0055796E /* Buzzable.swift */,
				C45E07031E2DAD290055796E /* LaunchScreen.storyboard */,
				C45E07061E2DAD290055796E /* Info.plist */,
			);
			path = "Protocol Oriented Programming View";
			sourceTree = "<group>";
		};
		C45E070E1E2DAD290055796E /* Protocol Oriented Programming ViewTests */ = {
			isa = PBXGroup;
			children = (
				C45E070F1E2DAD290055796E /* Protocol_Oriented_Programming_ViewTests.swift */,
				C45E07111E2DAD290055796E /* Info.plist */,
			);
			path = "Protocol Oriented Programming ViewTests";
			sourceTree = "<group>";
		};
		C45E07191E2DAD290055796E /* Protocol Oriented Programming ViewUITests */ = {
			isa = PBXGroup;
			children = (
				C45E071A1E2DAD290055796E /* Protocol_Oriented_Programming_ViewUITests.swift */,
				C45E071C1E2DAD290055796E /* Info.plist */,
			);
			path = "Protocol Oriented Programming ViewUITests";
			sourceTree = "<group>";
		};
/* End PBXGroup section */

/* Begin PBXNativeTarget section */
		C45E06F61E2DAD290055796E /* Protocol Oriented Programming View */ = {
			isa = PBXNativeTarget;
			buildConfigurationList = C45E071F1E2DAD290055796E /* Build configuration list for PBXNativeTarget "Protocol Oriented Programming View" */;
			buildPhases = (
				C45E06F31E2DAD290055796E /* Sources */,
				C45E06F41E2DAD290055796E /* Frameworks */,
				C45E06F51E2DAD290055796E /* Resources */,
			);
			buildRules = (
			);
			dependencies = (
			);
			name = "Protocol Oriented Programming View";
			productName = "Protocol Oriented Programming View";
			productReference = C45E06F71E2DAD290055796E /* Protocol Oriented Programming View.app */;
			productType = "com.apple.product-type.application";
		};
		C45E070A1E2DAD290055796E /* Protocol Oriented Programming ViewTests */ = {
			isa = PBXNativeTarget;
			buildConfigurationList = C45E07221E2DAD290055796E /* Build configuration list for PBXNativeTarget "Protocol Oriented Programming ViewTests" */;
			buildPhases = (
				C45E07071E2DAD290055796E /* Sources */,
				C45E07081E2DAD290055796E /* Frameworks */,
				C45E07091E2DAD290055796E /* Resources */,
			);
			buildRules = (
			);
			dependencies = (
				C45E070D1E2DAD290055796E /* PBXTargetDependency */,
			);
			name = "Protocol Oriented Programming ViewTests";
			productName = "Protocol Oriented Programming ViewTests";
			productReference = C45E070B1E2DAD290055796E /* Protocol Oriented Programming ViewTests.xctest */;
			productType = "com.apple.product-type.bundle.unit-test";
		};
		C45E07151E2DAD290055796E /* Protocol Oriented Programming ViewUITests */ = {
			isa = PBXNativeTarget;
			buildConfigurationList = C45E07251E2DAD290055796E /* Build configuration list for PBXNativeTarget "Protocol Oriented Programming ViewUITests" */;
			buildPhases = (
				C45E07121E2DAD290055796E /* Sources */,
				C45E07131E2DAD290055796E /* Frameworks */,
				C45E07141E2DAD290055796E /* Resources */,
			);
			buildRules = (
			);
			dependencies = (
				C45E07181E2DAD290055796E /* PBXTargetDependency */,
			);
			name = "Protocol Oriented Programming ViewUITests";
			productName = "Protocol Oriented Programming ViewUITests";
			productReference = C45E07161E2DAD290055796E /* Protocol Oriented Programming ViewUITests.xctest */;
			productType = "com.apple.product-type.bundle.ui-testing";
		};
/* End PBXNativeTarget section */

/* Begin PBXProject section */
		C45E06EF1E2DAD290055796E /* Project object */ = {
			isa = PBXProject;
			attributes = {
				LastSwiftUpdateCheck = 0810;
				LastUpgradeCheck = 0810;
				ORGANIZATIONNAME = BobtheDeveloper;
				TargetAttributes = {
					C45E06F61E2DAD290055796E = {
						CreatedOnToolsVersion = 8.1;
						DevelopmentTeam = ZGB48G575M;
						ProvisioningStyle = Automatic;
					};
					C45E070A1E2DAD290055796E = {
						CreatedOnToolsVersion = 8.1;
						DevelopmentTeam = ZGB48G575M;
						ProvisioningStyle = Automatic;
						TestTargetID = C45E06F61E2DAD290055796E;
					};
					C45E07151E2DAD290055796E = {
						CreatedOnToolsVersion = 8.1;
						DevelopmentTeam = ZGB48G575M;
						ProvisioningStyle = Automatic;
						TestTargetID = C45E06F61E2DAD290055796E;
					};
				};
			};
			buildConfigurationList = C45E06F21E2DAD290055796E /* Build configuration list for PBXProject "Protocol Oriented Programming View" */;
			compatibilityVersion = "Xcode 3.2";
			developmentRegion = English;
			hasScannedForEncodings = 0;
			knownRegions = (
				en,
				Base,
			);
			mainGroup = C45E06EE1E2DAD290055796E;
			productRefGroup = C45E06F81E2DAD290055796E /* Products */;
			projectDirPath = "";
			projectRoot = "";
			targets = (
				C45E06F61E2DAD290055796E /* Protocol Oriented Programming View */,
				C45E070A1E2DAD290055796E /* Protocol Oriented Programming ViewTests */,
				C45E07151E2DAD290055796E /* Protocol Oriented Programming ViewUITests */,
			);
		};
/* End PBXProject section */

/* Begin PBXResourcesBuildPhase section */
		C45E06F51E2DAD290055796E /* Resources */ = {
			isa = PBXResourcesBuildPhase;
			buildActionMask = 2147483647;
			files = (
				C45E07051E2DAD290055796E /* LaunchScreen.storyboard in Resources */,
				C45E07021E2DAD290055796E /* Assets.xcassets in Resources */,
				C45E07001E2DAD290055796E /* Main.storyboard in Resources */,
			);
			runOnlyForDeploymentPostprocessing = 0;
		};
		C45E07091E2DAD290055796E /* Resources */ = {
			isa = PBXResourcesBuildPhase;
			buildActionMask = 2147483647;
			files = (
			);
			runOnlyForDeploymentPostprocessing = 0;
		};
		C45E07141E2DAD290055796E /* Resources */ = {
			isa = PBXResourcesBuildPhase;
			buildActionMask = 2147483647;
			files = (
			);
			runOnlyForDeploymentPostprocessing = 0;
		};
/* End PBXResourcesBuildPhase section */

/* Begin PBXSourcesBuildPhase section */
		C45E06F31E2DAD290055796E /* Sources */ = {
			isa = PBXSourcesBuildPhase;
			buildActionMask = 2147483647;
			files = (
				C45E072B1E2DAF190055796E /* Poppable.swift in Sources */,
				C45E07291E2DAF0D0055796E /* Buzzable.swift in Sources */,
				C45E06FD1E2DAD290055796E /* ViewController.swift in Sources */,
				C45E06FB1E2DAD290055796E /* AppDelegate.swift in Sources */,
			);
			runOnlyForDeploymentPostprocessing = 0;
		};
		C45E07071E2DAD290055796E /* Sources */ = {
			isa = PBXSourcesBuildPhase;
			buildActionMask = 2147483647;
			files = (
				C45E07101E2DAD290055796E /* Protocol_Oriented_Programming_ViewTests.swift in Sources */,
			);
			runOnlyForDeploymentPostprocessing = 0;
		};
		C45E07121E2DAD290055796E /* Sources */ = {
			isa = PBXSourcesBuildPhase;
			buildActionMask = 2147483647;
			files = (
				C45E071B1E2DAD290055796E /* Protocol_Oriented_Programming_ViewUITests.swift in Sources */,
			);
			runOnlyForDeploymentPostprocessing = 0;
		};
/* End PBXSourcesBuildPhase section */

/* Begin PBXTargetDependency section */
		C45E070D1E2DAD290055796E /* PBXTargetDependency */ = {
			isa = PBXTargetDependency;
			target = C45E06F61E2DAD290055796E /* Protocol Oriented Programming View */;
			targetProxy = C45E070C1E2DAD290055796E /* PBXContainerItemProxy */;
		};
		C45E07181E2DAD290055796E /* PBXTargetDependency */ = {
			isa = PBXTargetDependency;
			target = C45E06F61E2DAD290055796E /* Protocol Oriented Programming View */;
			targetProxy = C45E07171E2DAD290055796E /* PBXContainerItemProxy */;
		};
/* End PBXTargetDependency section */

/* Begin PBXVariantGroup section */
		C45E06FE1E2DAD290055796E /* Main.storyboard */ = {
			isa = PBXVariantGroup;
			children = (
				C45E06FF1E2DAD290055796E /* Base */,
			);
			name = Main.storyboard;
			sourceTree = "<group>";
		};
		C45E07031E2DAD290055796E /* LaunchScreen.storyboard */ = {
			isa = PBXVariantGroup;
			children = (
				C45E07041E2DAD290055796E /* Base */,
			);
			name = LaunchScreen.storyboard;
			sourceTree = "<group>";
		};
/* End PBXVariantGroup section */

/* Begin XCBuildConfiguration section */
		C45E071D1E2DAD290055796E /* Debug */ = {
			isa = XCBuildConfiguration;
			buildSettings = {
				ALWAYS_SEARCH_USER_PATHS = NO;
				CLANG_ANALYZER_NONNULL = YES;
				CLANG_CXX_LANGUAGE_STANDARD = "gnu++0x";
				CLANG_CXX_LIBRARY = "libc++";
				CLANG_ENABLE_MODULES = YES;
				CLANG_ENABLE_OBJC_ARC = YES;
				CLANG_WARN_BOOL_CONVERSION = YES;
				CLANG_WARN_CONSTANT_CONVERSION = YES;
				CLANG_WARN_DIRECT_OBJC_ISA_USAGE = YES_ERROR;
				CLANG_WARN_DOCUMENTATION_COMMENTS = YES;
				CLANG_WARN_EMPTY_BODY = YES;
				CLANG_WARN_ENUM_CONVERSION = YES;
				CLANG_WARN_INFINITE_RECURSION = YES;
				CLANG_WARN_INT_CONVERSION = YES;
				CLANG_WARN_OBJC_ROOT_CLASS = YES_ERROR;
				CLANG_WARN_SUSPICIOUS_MOVES = YES;
				CLANG_WARN_UNREACHABLE_CODE = YES;
				CLANG_WARN__DUPLICATE_METHOD_MATCH = YES;
				"CODE_SIGN_IDENTITY[sdk=iphoneos*]" = "iPhone Developer";
				COPY_PHASE_STRIP = NO;
				DEBUG_INFORMATION_FORMAT = dwarf;
				ENABLE_STRICT_OBJC_MSGSEND = YES;
				ENABLE_TESTABILITY = YES;
				GCC_C_LANGUAGE_STANDARD = gnu99;
				GCC_DYNAMIC_NO_PIC = NO;
				GCC_NO_COMMON_BLOCKS = YES;
				GCC_OPTIMIZATION_LEVEL = 0;
				GCC_PREPROCESSOR_DEFINITIONS = (
					"DEBUG=1",
					"$(inherited)",
				);
				GCC_WARN_64_TO_32_BIT_CONVERSION = YES;
				GCC_WARN_ABOUT_RETURN_TYPE = YES_ERROR;
				GCC_WARN_UNDECLARED_SELECTOR = YES;
				GCC_WARN_UNINITIALIZED_AUTOS = YES_AGGRESSIVE;
				GCC_WARN_UNUSED_FUNCTION = YES;
				GCC_WARN_UNUSED_VARIABLE = YES;
				IPHONEOS_DEPLOYMENT_TARGET = 10.1;
				MTL_ENABLE_DEBUG_INFO = YES;
				ONLY_ACTIVE_ARCH = YES;
				SDKROOT = iphoneos;
				SWIFT_ACTIVE_COMPILATION_CONDITIONS = DEBUG;
				SWIFT_OPTIMIZATION_LEVEL = "-Onone";
				TARGETED_DEVICE_FAMILY = "1,2";
			};
			name = Debug;
		};
		C45E071E1E2DAD290055796E /* Release */ = {
			isa = XCBuildConfiguration;
			buildSettings = {
				ALWAYS_SEARCH_USER_PATHS = NO;
				CLANG_ANALYZER_NONNULL = YES;
				CLANG_CXX_LANGUAGE_STANDARD = "gnu++0x";
				CLANG_CXX_LIBRARY = "libc++";
				CLANG_ENABLE_MODULES = YES;
				CLANG_ENABLE_OBJC_ARC = YES;
				CLANG_WARN_BOOL_CONVERSION = YES;
				CLANG_WARN_CONSTANT_CONVERSION = YES;
				CLANG_WARN_DIRECT_OBJC_ISA_USAGE = YES_ERROR;
				CLANG_WARN_DOCUMENTATION_COMMENTS = YES;
				CLANG_WARN_EMPTY_BODY = YES;
				CLANG_WARN_ENUM_CONVERSION = YES;
				CLANG_WARN_INFINITE_RECURSION = YES;
				CLANG_WARN_INT_CONVERSION = YES;
				CLANG_WARN_OBJC_ROOT_CLASS = YES_ERROR;
				CLANG_WARN_SUSPICIOUS_MOVES = YES;
				CLANG_WARN_UNREACHABLE_CODE = YES;
				CLANG_WARN__DUPLICATE_METHOD_MATCH = YES;
				"CODE_SIGN_IDENTITY[sdk=iphoneos*]" = "iPhone Developer";
				COPY_PHASE_STRIP = NO;
				DEBUG_INFORMATION_FORMAT = "dwarf-with-dsym";
				ENABLE_NS_ASSERTIONS = NO;
				ENABLE_STRICT_OBJC_MSGSEND = YES;
				GCC_C_LANGUAGE_STANDARD = gnu99;
				GCC_NO_COMMON_BLOCKS = YES;
				GCC_WARN_64_TO_32_BIT_CONVERSION = YES;
				GCC_WARN_ABOUT_RETURN_TYPE = YES_ERROR;
				GCC_WARN_UNDECLARED_SELECTOR = YES;
				GCC_WARN_UNINITIALIZED_AUTOS = YES_AGGRESSIVE;
				GCC_WARN_UNUSED_FUNCTION = YES;
				GCC_WARN_UNUSED_VARIABLE = YES;
				IPHONEOS_DEPLOYMENT_TARGET = 10.1;
				MTL_ENABLE_DEBUG_INFO = NO;
				SDKROOT = iphoneos;
				SWIFT_OPTIMIZATION_LEVEL = "-Owholemodule";
				TARGETED_DEVICE_FAMILY = "1,2";
				VALIDATE_PRODUCT = YES;
			};
			name = Release;
		};
		C45E07201E2DAD290055796E /* Debug */ = {
			isa = XCBuildConfiguration;
			buildSettings = {
				ASSETCATALOG_COMPILER_APPICON_NAME = AppIcon;
				DEVELOPMENT_TEAM = ZGB48G575M;
				INFOPLIST_FILE = "Protocol Oriented Programming View/Info.plist";
				LD_RUNPATH_SEARCH_PATHS = "$(inherited) @executable_path/Frameworks";
				PRODUCT_BUNDLE_IDENTIFIER = "BobtheDeveloper.Protocol-Oriented-Programming-View";
				PRODUCT_NAME = "$(TARGET_NAME)";
				SWIFT_VERSION = 3.0;
			};
			name = Debug;
		};
		C45E07211E2DAD290055796E /* Release */ = {
			isa = XCBuildConfiguration;
			buildSettings = {
				ASSETCATALOG_COMPILER_APPICON_NAME = AppIcon;
				DEVELOPMENT_TEAM = ZGB48G575M;
				INFOPLIST_FILE = "Protocol Oriented Programming View/Info.plist";
				LD_RUNPATH_SEARCH_PATHS = "$(inherited) @executable_path/Frameworks";
				PRODUCT_BUNDLE_IDENTIFIER = "BobtheDeveloper.Protocol-Oriented-Programming-View";
				PRODUCT_NAME = "$(TARGET_NAME)";
				SWIFT_VERSION = 3.0;
			};
			name = Release;
		};
		C45E07231E2DAD290055796E /* Debug */ = {
			isa = XCBuildConfiguration;
			buildSettings = {
				ALWAYS_EMBED_SWIFT_STANDARD_LIBRARIES = YES;
				BUNDLE_LOADER = "$(TEST_HOST)";
				DEVELOPMENT_TEAM = ZGB48G575M;
				INFOPLIST_FILE = "Protocol Oriented Programming ViewTests/Info.plist";
				LD_RUNPATH_SEARCH_PATHS = "$(inherited) @executable_path/Frameworks @loader_path/Frameworks";
				PRODUCT_BUNDLE_IDENTIFIER = "BobtheDeveloper.Protocol-Oriented-Programming-ViewTests";
				PRODUCT_NAME = "$(TARGET_NAME)";
				SWIFT_VERSION = 3.0;
				TEST_HOST = "$(BUILT_PRODUCTS_DIR)/Protocol Oriented Programming View.app/Protocol Oriented Programming View";
			};
			name = Debug;
		};
		C45E07241E2DAD290055796E /* Release */ = {
			isa = XCBuildConfiguration;
			buildSettings = {
				ALWAYS_EMBED_SWIFT_STANDARD_LIBRARIES = YES;
				BUNDLE_LOADER = "$(TEST_HOST)";
				DEVELOPMENT_TEAM = ZGB48G575M;
				INFOPLIST_FILE = "Protocol Oriented Programming ViewTests/Info.plist";
				LD_RUNPATH_SEARCH_PATHS = "$(inherited) @executable_path/Frameworks @loader_path/Frameworks";
				PRODUCT_BUNDLE_IDENTIFIER = "BobtheDeveloper.Protocol-Oriented-Programming-ViewTests";
				PRODUCT_NAME = "$(TARGET_NAME)";
				SWIFT_VERSION = 3.0;
				TEST_HOST = "$(BUILT_PRODUCTS_DIR)/Protocol Oriented Programming View.app/Protocol Oriented Programming View";
			};
			name = Release;
		};
		C45E07261E2DAD290055796E /* Debug */ = {
			isa = XCBuildConfiguration;
			buildSettings = {
				ALWAYS_EMBED_SWIFT_STANDARD_LIBRARIES = YES;
				DEVELOPMENT_TEAM = ZGB48G575M;
				INFOPLIST_FILE = "Protocol Oriented Programming ViewUITests/Info.plist";
				LD_RUNPATH_SEARCH_PATHS = "$(inherited) @executable_path/Frameworks @loader_path/Frameworks";
				PRODUCT_BUNDLE_IDENTIFIER = "BobtheDeveloper.Protocol-Oriented-Programming-ViewUITests";
				PRODUCT_NAME = "$(TARGET_NAME)";
				SWIFT_VERSION = 3.0;
				TEST_TARGET_NAME = "Protocol Oriented Programming View";
			};
			name = Debug;
		};
		C45E07271E2DAD290055796E /* Release */ = {
			isa = XCBuildConfiguration;
			buildSettings = {
				ALWAYS_EMBED_SWIFT_STANDARD_LIBRARIES = YES;
				DEVELOPMENT_TEAM = ZGB48G575M;
				INFOPLIST_FILE = "Protocol Oriented Programming ViewUITests/Info.plist";
				LD_RUNPATH_SEARCH_PATHS = "$(inherited) @executable_path/Frameworks @loader_path/Frameworks";
				PRODUCT_BUNDLE_IDENTIFIER = "BobtheDeveloper.Protocol-Oriented-Programming-ViewUITests";
				PRODUCT_NAME = "$(TARGET_NAME)";
				SWIFT_VERSION = 3.0;
				TEST_TARGET_NAME = "Protocol Oriented Programming View";
			};
			name = Release;
		};
/* End XCBuildConfiguration section */

/* Begin XCConfigurationList section */
		C45E06F21E2DAD290055796E /* Build configuration list for PBXProject "Protocol Oriented Programming View" */ = {
			isa = XCConfigurationList;
			buildConfigurations = (
				C45E071D1E2DAD290055796E /* Debug */,
				C45E071E1E2DAD290055796E /* Release */,
			);
			defaultConfigurationIsVisible = 0;
			defaultConfigurationName = Release;
		};
		C45E071F1E2DAD290055796E /* Build configuration list for PBXNativeTarget "Protocol Oriented Programming View" */ = {
			isa = XCConfigurationList;
			buildConfigurations = (
				C45E07201E2DAD290055796E /* Debug */,
				C45E07211E2DAD290055796E /* Release */,
			);
			defaultConfigurationIsVisible = 0;
		};
		C45E07221E2DAD290055796E /* Build configuration list for PBXNativeTarget "Protocol Oriented Programming ViewTests" */ = {
			isa = XCConfigurationList;
			buildConfigurations = (
				C45E07231E2DAD290055796E /* Debug */,
				C45E07241E2DAD290055796E /* Release */,
			);
			defaultConfigurationIsVisible = 0;
		};
		C45E07251E2DAD290055796E /* Build configuration list for PBXNativeTarget "Protocol Oriented Programming ViewUITests" */ = {
			isa = XCConfigurationList;
			buildConfigurations = (
				C45E07261E2DAD290055796E /* Debug */,
				C45E07271E2DAD290055796E /* Release */,
			);
			defaultConfigurationIsVisible = 0;
		};
/* End XCConfigurationList section */
	};
	rootObject = C45E06EF1E2DAD290055796E /* Project object */;
}
